
Microsoft Visual Studio Solution File, Format Version 12.00
# Visual Studio Version 17
VisualStudioVersion = 17.1.32407.343
MinimumVisualStudioVersion = 10.0.40219.1
Project("{9A19103F-16F7-4668-BE54-9A1E7A4F7556}") = "Problems", "Problems\Problems.csproj", "{D042A718-2A78-4B7B-8752-CAF3AB64E65C}"
EndProject
Project("{9A19103F-16F7-4668-BE54-9A1E7A4F7556}") = "Tests", "Tests\Tests.csproj", "{FAF84B5C-7119-4E8A-8FEB-E9CA21E24DC1}"
EndProject
Project("{9A19103F-16F7-4668-BE54-9A1E7A4F7556}") = "Utilities", "Utilities\Utilities.csproj", "{8AD395B4-29F6-414B-BE9E-2F9673D5BE05}"
EndProject
Project("{9A19103F-16F7-4668-BE54-9A1E7A4F7556}") = "Algorithms", "Algorithms\Algorithms.csproj", "{C5315479-6097-41A7-870A-9EE130EC59D0}"
EndProject
Project("{9A19103F-16F7-4668-BE54-9A1E7A4F7556}") = "DataStructures", "DataStructures\DataStructures.csproj", "{C15BDC1D-5C69-479A-A719-32168F9963B5}"
EndProject
Project("{FAE04EC0-301F-11D3-BF4B-00C04F79EFBC}") = "Data", "Data\Data.csproj", "{9DB14DBE-217F-4BF3-AC55-E4B7DCEFE3D5}"
EndProject
Global
	GlobalSection(SolutionConfigurationPlatforms) = preSolution
		Debug|Any CPU = Debug|Any CPU
		Release|Any CPU = Release|Any CPU
	EndGlobalSection
	GlobalSection(ProjectConfigurationPlatforms) = postSolution
		{D042A718-2A78-4B7B-8752-CAF3AB64E65C}.Debug|Any CPU.ActiveCfg = Debug|Any CPU
		{D042A718-2A78-4B7B-8752-CAF3AB64E65C}.Debug|Any CPU.Build.0 = Debug|Any CPU
		{D042A718-2A78-4B7B-8752-CAF3AB64E65C}.Release|Any CPU.ActiveCfg = Release|Any CPU
		{D042A718-2A78-4B7B-8752-CAF3AB64E65C}.Release|Any CPU.Build.0 = Release|Any CPU
		{FAF84B5C-7119-4E8A-8FEB-E9CA21E24DC1}.Debug|Any CPU.ActiveCfg = Debug|Any CPU
		{FAF84B5C-7119-4E8A-8FEB-E9CA21E24DC1}.Debug|Any CPU.Build.0 = Debug|Any CPU
		{FAF84B5C-7119-4E8A-8FEB-E9CA21E24DC1}.Release|Any CPU.ActiveCfg = Release|Any CPU
		{FAF84B5C-7119-4E8A-8FEB-E9CA21E24DC1}.Release|Any CPU.Build.0 = Release|Any CPU
		{8AD395B4-29F6-414B-BE9E-2F9673D5BE05}.Debug|Any CPU.ActiveCfg = Debug|Any CPU
		{8AD395B4-29F6-414B-BE9E-2F9673D5BE05}.Debug|Any CPU.Build.0 = Debug|Any CPU
		{8AD395B4-29F6-414B-BE9E-2F9673D5BE05}.Release|Any CPU.ActiveCfg = Release|Any CPU
		{8AD395B4-29F6-414B-BE9E-2F9673D5BE05}.Release|Any CPU.Build.0 = Release|Any CPU
		{C5315479-6097-41A7-870A-9EE130EC59D0}.Debug|Any CPU.ActiveCfg = Debug|Any CPU
		{C5315479-6097-41A7-870A-9EE130EC59D0}.Debug|Any CPU.Build.0 = Debug|Any CPU
		{C5315479-6097-41A7-870A-9EE130EC59D0}.Release|Any CPU.ActiveCfg = Release|Any CPU
		{C5315479-6097-41A7-870A-9EE130EC59D0}.Release|Any CPU.Build.0 = Release|Any CPU
		{C15BDC1D-5C69-479A-A719-32168F9963B5}.Debug|Any CPU.ActiveCfg = Debug|Any CPU
		{C15BDC1D-5C69-479A-A719-32168F9963B5}.Debug|Any CPU.Build.0 = Debug|Any CPU
		{C15BDC1D-5C69-479A-A719-32168F9963B5}.Release|Any CPU.ActiveCfg = Release|Any CPU
		{C15BDC1D-5C69-479A-A719-32168F9963B5}.Release|Any CPU.Build.0 = Release|Any CPU
		{9DB14DBE-217F-4BF3-AC55-E4B7DCEFE3D5}.Debug|Any CPU.ActiveCfg = Debug|Any CPU
		{9DB14DBE-217F-4BF3-AC55-E4B7DCEFE3D5}.Debug|Any CPU.Build.0 = Debug|Any CPU
		{9DB14DBE-217F-4BF3-AC55-E4B7DCEFE3D5}.Release|Any CPU.ActiveCfg = Release|Any CPU
		{9DB14DBE-217F-4BF3-AC55-E4B7DCEFE3D5}.Release|Any CPU.Build.0 = Release|Any CPU
	EndGlobalSection
	GlobalSection(SolutionProperties) = preSolution
		HideSolutionNode = FALSE
	EndGlobalSection
	GlobalSection(ExtensibilityGlobals) = postSolution
		SolutionGuid = {986051E9-5210-4D69-AB96-EA06406D850B}
	EndGlobalSection
EndGlobal
